
Microsoft Visual Studio Solution File, Format Version 12.00
# Visual Studio 15
VisualStudioVersion = 15.0.26430.14
MinimumVisualStudioVersion = 10.0.40219.1
Project("{FAE04EC0-301F-11D3-BF4B-00C04F79EFBC}") = "Fib_Codejam", "Fib_Codejam\Fib_Codejam.csproj", "{0175E746-DDB2-482D-821C-907C8AA3A962}"
EndProject
Global
	GlobalSection(SolutionConfigurationPlatforms) = preSolution
		Debug|Any CPU = Debug|Any CPU
		Release|Any CPU = Release|Any CPU
	EndGlobalSection
	GlobalSection(ProjectConfigurationPlatforms) = postSolution
		{0175E746-DDB2-482D-821C-907C8AA3A962}.Debug|Any CPU.ActiveCfg = Debug|Any CPU
		{0175E746-DDB2-482D-821C-907C8AA3A962}.Debug|Any CPU.Build.0 = Debug|Any CPU
		{0175E746-DDB2-482D-821C-907C8AA3A962}.Release|Any CPU.ActiveCfg = Release|Any CPU
		{0175E746-DDB2-482D-821C-907C8AA3A962}.Release|Any CPU.Build.0 = Release|Any CPU
	EndGlobalSection
	GlobalSection(SolutionProperties) = preSolution
		HideSolutionNode = FALSE
	EndGlobalSection
EndGlobal
